{
  "requires": true,
  "lockfileVersion": 1,
  "dependencies": {
    "lodash.isboolean": {
      "version": "3.0.3",
      "resolved": "https://registry.npmjs.org/lodash.isboolean/-/lodash.isboolean-3.0.3.tgz",
      "integrity": "sha1-bC4XHbKiV82WgC/UOwGyDV9YcPY="
    },
    "lodash.isempty": {
      "version": "4.4.0",
      "resolved": "https://registry.npmjs.org/lodash.isempty/-/lodash.isempty-4.4.0.tgz",
      "integrity": "sha1-b4bL7di+TsmHvpqvM8loTbGzHn4="
    },
    "performance-now": {
      "version": "2.1.0",
      "resolved": "https://registry.npmjs.org/performance-now/-/performance-now-2.1.0.tgz",
      "integrity": "sha1-Ywn04OX6kT7BxpMHrjZLSzd8nns="
    },
    "statman-stopwatch": {
      "version": "2.12.0",
      "resolved": "https://registry.npmjs.org/statman-stopwatch/-/statman-stopwatch-2.12.0.tgz",
      "integrity": "sha512-H6jM1vcvypwfxJ/UOM/yO1DAKS5WAyu4ND7+InidTD/XpVnVfy3QN2ujfHiAv/ggcyM0GarO9Sr4oAfqMpbsBg==",
      "requires": {
        "lodash.isboolean": "^3.0.3",
        "lodash.isempty": "^4.4.0",
        "performance-now": "^2.0.0",
        "string-template": "^1.0.0",
        "uuid": "^7.0.0"
      }
    },
    "string-template": {
      "version": "1.0.0",
      "resolved": "https://registry.npmjs.org/string-template/-/string-template-1.0.0.tgz",
      "integrity": "sha1-np8iM9wA8hhxjsN5oopWc+zKi5Y="
    },
    "uuid": {
      "version": "7.0.3",
      "resolved": "https://registry.npmjs.org/uuid/-/uuid-7.0.3.tgz",
      "integrity": "sha512-DPSke0pXhTZgoF/d+WSt2QaKMCFSfx7QegxEWT+JOuHF5aWrKEn0G+ztjuJg/gG8/ItK+rbPCD/yNv8yyih6Cg=="
    }
  }
}
